github.com/SteffenL/mswebview2 v0.0.0-20220628024916-e06b11515284 h1:epq6nuZ/qO8WZqWJHJ2CrLgEKzBaiS1YKDl1IS/18q0=
github.com/SteffenL/mswebview2 v0.0.0-20220628024916-e06b11515284/go.mod h1:laLYy/ZWnnL0NzlN7R9rrOUfcK3WDV1QafaqrmKmooI=
github.com/SteffenL/webview-go v0.0.0-20220628030031-f0a29a95351e h1:1pMTZxABaW3ZL7Tf2q96Xr75PdGZdMZk2V1V4xzLbvw=
github.com/SteffenL/webview-go v0.0.0-20220628030031-f0a29a95351e/go.mod h1:9eHvdTFcqbX2ikj9qLt2pdZGhD8VZk+VLS2s9LRH6RA=
github.com/SteffenL/webview-nogo v0.0.0-20220628023514-9299f05f0df5 h1:R14g6bodn2VB+GEPf6JJb5XvzxezhpjKBuMGvuBZRwA=
github.com/SteffenL/webview-nogo v0.0.0-20220628023514-9299f05f0df5/go.mod h1:IhGGqO0ot03IYedbV6nzE1fzxRgSKpqgG0aiIGowHmA=
