github.com/SteffenL/webview-go v0.0.0-20230821053531-ee054ab983eb h1:S4fLFKpb7rmH7vAbS4w+A0lViOqCpChuL2klduTGR0w=
github.com/SteffenL/webview-go v0.0.0-20230821053531-ee054ab983eb/go.mod h1:u/TKlp8JLjyYlwOQI7GP4LV48JAg4J0fRFtoFdrVUu0=
github.com/SteffenL/webview-go v0.0.0-20230821062759-0adda7158492 h1:XjM9eQm0t01yU2sZlZGy0vIlvZnbI7YqM1PjjLUhIlU=
github.com/SteffenL/webview-go v0.0.0-20230821062759-0adda7158492/go.mod h1:u/TKlp8JLjyYlwOQI7GP4LV48JAg4J0fRFtoFdrVUu0=
